{
    "_readme": [
        "This file locks the dependencies of your project to a known state",
        "Read more about it at https://getcomposer.org/doc/01-basic-usage.md#installing-dependencies",
        "This file is @generated automatically"
    ],
    "content-hash": "9dc9e20904b1f553abfee6c0228636a4",
    "packages": [
        {
            "name": "jc21/clitable",
            "version": "dev-master",
            "source": {
                "type": "git",
                "url": "https://github.com/jc21/clitable.git",
                "reference": "d081424043ef22207ab27422f817e7eea6f6ca81"
            },
            "dist": {
                "type": "zip",
                "url": "https://api.github.com/repos/jc21/clitable/zipball/d081424043ef22207ab27422f817e7eea6f6ca81",
                "reference": "d081424043ef22207ab27422f817e7eea6f6ca81",
                "shasum": "",
                "mirrors": [
                    {
                        "url": "https://dl.laravel-china.org/%package%/%reference%.%type%",
                        "preferred": true
                    }
                ]
            },
            "require": {
                "php": ">=5.3.0"
            },
            "require-dev": {
                "victorjonsson/markdowndocs": "dev-master"
            },
            "type": "library",
            "autoload": {
                "psr-0": {
                    "jc21": "src"
                }
            },
            "notification-url": "https://packagist.org/downloads/",
            "license": [
                "BSD-1-Clause"
            ],
            "authors": [
                {
                    "name": "Jamie Curnow",
                    "email": "jc@jc21.com"
                }
            ],
            "description": "CLI Table output for PHP scripts",
            "homepage": "https://github.com/jc21/clitable",
            "keywords": [
                "cli",
                "command",
                "line",
                "table"
            ],
            "time": "2018-01-29T01:37:36+00:00"
        },
        {
            "name": "nette/caching",
            "version": "v2.5.x-dev",
            "source": {
                "type": "git",
                "url": "https://github.com/nette/caching.git",
                "reference": "9a13743a2211fc7d13326a10793551bc3bb9e60a"
            },
            "dist": {
                "type": "zip",
                "url": "https://api.github.com/repos/nette/caching/zipball/9a13743a2211fc7d13326a10793551bc3bb9e60a",
                "reference": "9a13743a2211fc7d13326a10793551bc3bb9e60a",
                "shasum": "",
                "mirrors": [
                    {
                        "url": "https://dl.laravel-china.org/%package%/%reference%.%type%",
                        "preferred": true
                    }
                ]
            },
            "require": {
                "nette/finder": "^2.2 || ~3.0.0",
                "nette/utils": "^2.4 || ~3.0.0",
                "php": ">=5.6.0"
            },
            "conflict": {
                "nette/nette": "<2.2"
            },
            "require-dev": {
                "latte/latte": "^2.4",
                "nette/di": "^2.4 || ~3.0.0",
                "nette/tester": "^2.0",
                "tracy/tracy": "^2.4"
            },
            "suggest": {
                "ext-pdo_sqlite": "to use SQLiteStorage or SQLiteJournal"
            },
            "type": "library",
            "extra": {
                "branch-alias": {
                    "dev-master": "2.5-dev"
                }
            },
            "autoload": {
                "classmap": [
                    "src/"
                ]
            },
            "notification-url": "https://packagist.org/downloads/",
            "license": [
                "BSD-3-Clause",
                "GPL-2.0",
                "GPL-3.0"
            ],
            "authors": [
                {
                    "name": "David Grudl",
                    "homepage": "https://davidgrudl.com"
                },
                {
                    "name": "Nette Community",
                    "homepage": "https://nette.org/contributors"
                }
            ],
            "description": "⏱ Nette Caching: library with easy-to-use API and many cache backends.",
            "homepage": "https://nette.org",
            "keywords": [
                "cache",
                "journal",
                "memcached",
                "nette",
                "sqlite"
            ],
            "time": "2018-10-17T15:44:37+00:00"
        },
        {
            "name": "nette/database",
            "version": "v2.4.x-dev",
            "source": {
                "type": "git",
                "url": "https://github.com/nette/database.git",
                "reference": "834ab4ae2a2282087f44e5871be41e90a5ec11d2"
            },
            "dist": {
                "type": "zip",
                "url": "https://api.github.com/repos/nette/database/zipball/834ab4ae2a2282087f44e5871be41e90a5ec11d2",
                "reference": "834ab4ae2a2282087f44e5871be41e90a5ec11d2",
                "shasum": "",
                "mirrors": [
                    {
                        "url": "https://dl.laravel-china.org/%package%/%reference%.%type%",
                        "preferred": true
                    }
                ]
            },
            "require": {
                "ext-pdo": "*",
                "nette/caching": "^2.2",
                "nette/utils": "^2.4",
                "php": ">=5.6.0"
            },
            "conflict": {
                "nette/nette": "<2.2"
            },
            "require-dev": {
                "mockery/mockery": "^1.0.0",
                "nette/di": "^2.4 || ~3.0.0",
                "nette/tester": "^2.0",
                "tracy/tracy": "^2.4"
            },
            "type": "library",
            "extra": {
                "branch-alias": {
                    "dev-master": "2.4-dev"
                }
            },
            "autoload": {
                "classmap": [
                    "src/"
                ]
            },
            "notification-url": "https://packagist.org/downloads/",
            "license": [
                "BSD-3-Clause",
                "GPL-2.0",
                "GPL-3.0"
            ],
            "authors": [
                {
                    "name": "David Grudl",
                    "homepage": "https://davidgrudl.com"
                },
                {
                    "name": "Nette Community",
                    "homepage": "https://nette.org/contributors"
                }
            ],
            "description": "💾 Nette Database: layer with a familiar PDO-like API but much more powerful. Building queries, advanced joins, drivers for MySQL, PostgreSQL, SQLite, MS SQL Server and Oracle.",
            "homepage": "https://nette.org",
            "keywords": [
                "database",
                "mssql",
                "mysql",
                "nette",
                "notorm",
                "oracle",
                "pdo",
                "postgresql",
                "queries",
                "sqlite"
            ],
            "time": "2019-03-26T11:02:27+00:00"
        },
        {
            "name": "nette/finder",
            "version": "dev-master",
            "source": {
                "type": "git",
                "url": "https://github.com/nette/finder.git",
                "reference": "13240336bd80f9260cd35a3894b8c1aab9586ec2"
            },
            "dist": {
                "type": "zip",
                "url": "https://api.github.com/repos/nette/finder/zipball/13240336bd80f9260cd35a3894b8c1aab9586ec2",
                "reference": "13240336bd80f9260cd35a3894b8c1aab9586ec2",
                "shasum": "",
                "mirrors": [
                    {
                        "url": "https://dl.laravel-china.org/%package%/%reference%.%type%",
                        "preferred": true
                    }
                ]
            },
            "require": {
                "nette/utils": "^2.4 || ~3.0.0",
                "php": ">=7.1"
            },
            "conflict": {
                "nette/nette": "<2.2"
            },
            "require-dev": {
                "nette/tester": "^2.0",
                "tracy/tracy": "^2.3"
            },
            "type": "library",
            "extra": {
                "branch-alias": {
                    "dev-master": "3.0-dev"
                }
            },
            "autoload": {
                "classmap": [
                    "src/"
                ]
            },
            "notification-url": "https://packagist.org/downloads/",
            "license": [
                "BSD-3-Clause",
                "GPL-2.0",
                "GPL-3.0"
            ],
            "authors": [
                {
                    "name": "David Grudl",
                    "homepage": "https://davidgrudl.com"
                },
                {
                    "name": "Nette Community",
                    "homepage": "https://nette.org/contributors"
                }
            ],
            "description": "🔍 Nette Finder: find files and directories with an intuitive API.",
            "homepage": "https://nette.org",
            "keywords": [
                "filesystem",
                "glob",
                "iterator",
                "nette"
            ],
            "time": "2019-03-22T00:58:33+00:00"
        },
        {
            "name": "nette/utils",
            "version": "v2.5.x-dev",
            "source": {
                "type": "git",
                "url": "https://github.com/nette/utils.git",
                "reference": "c97b1dc76f794517db70ac11ae1325c91aeb50ef"
            },
            "dist": {
                "type": "zip",
                "url": "https://api.github.com/repos/nette/utils/zipball/c97b1dc76f794517db70ac11ae1325c91aeb50ef",
                "reference": "c97b1dc76f794517db70ac11ae1325c91aeb50ef",
                "shasum": "",
                "mirrors": [
                    {
                        "url": "https://dl.laravel-china.org/%package%/%reference%.%type%",
                        "preferred": true
                    }
                ]
            },
            "require": {
                "php": ">=5.6.0"
            },
            "conflict": {
                "nette/nette": "<2.2"
            },
            "require-dev": {
                "nette/tester": "~2.0",
                "tracy/tracy": "^2.3"
            },
            "suggest": {
                "ext-gd": "to use Image",
                "ext-iconv": "to use Strings::webalize() and toAscii()",
                "ext-intl": "for script transliteration in Strings::webalize() and toAscii()",
                "ext-json": "to use Nette\\Utils\\Json",
                "ext-mbstring": "to use Strings::lower() etc...",
                "ext-xml": "to use Strings::length() etc. when mbstring is not available"
            },
            "type": "library",
            "extra": {
                "branch-alias": {
                    "dev-master": "2.5-dev"
                }
            },
            "autoload": {
                "classmap": [
                    "src/"
                ],
                "files": [
                    "src/loader.php"
                ]
            },
            "notification-url": "https://packagist.org/downloads/",
            "license": [
                "BSD-3-Clause",
                "GPL-2.0",
                "GPL-3.0"
            ],
            "authors": [
                {
                    "name": "David Grudl",
                    "homepage": "https://davidgrudl.com"
                },
                {
                    "name": "Nette Community",
                    "homepage": "https://nette.org/contributors"
                }
            ],
            "description": "? Nette Utils: lightweight utilities for string & array manipulation, image handling, safe JSON encoding/decoding, validation, slug or strong password generating etc.",
            "homepage": "https://nette.org",
            "keywords": [
                "array",
                "core",
                "datetime",
                "images",
                "json",
                "nette",
                "paginator",
                "password",
                "slugify",
                "string",
                "unicode",
                "utf-8",
                "utility",
                "validation"
            ],
            "time": "2018-12-06T15:43:36+00:00"
        },
        {
            "name": "symfony/polyfill-ctype",
            "version": "dev-master",
            "source": {
                "type": "git",
                "url": "https://github.com/symfony/polyfill-ctype.git",
                "reference": "82ebae02209c21113908c229e9883c419720738a"
            },
            "dist": {
                "type": "zip",
                "url": "https://api.github.com/repos/symfony/polyfill-ctype/zipball/82ebae02209c21113908c229e9883c419720738a",
                "reference": "82ebae02209c21113908c229e9883c419720738a",
                "shasum": "",
                "mirrors": [
                    {
                        "url": "https://dl.laravel-china.org/%package%/%reference%.%type%",
                        "preferred": true
                    }
                ]
            },
            "require": {
                "php": ">=5.3.3"
            },
            "suggest": {
                "ext-ctype": "For best performance"
            },
            "type": "library",
            "extra": {
                "branch-alias": {
                    "dev-master": "1.11-dev"
                }
            },
            "autoload": {
                "psr-4": {
                    "Symfony\\Polyfill\\Ctype\\": ""
                },
                "files": [
                    "bootstrap.php"
                ]
            },
            "notification-url": "https://packagist.org/downloads/",
            "license": [
                "MIT"
            ],
            "authors": [
                {
                    "name": "Symfony Community",
                    "homepage": "https://symfony.com/contributors"
                },
                {
                    "name": "Gert de Pagter",
                    "email": "backendtea@gmail.com"
                }
            ],
            "description": "Symfony polyfill for ctype functions",
            "homepage": "https://symfony.com",
            "keywords": [
                "compatibility",
                "ctype",
                "polyfill",
                "portable"
            ],
            "time": "2019-02-06T07:57:58+00:00"
        },
        {
            "name": "twig/twig",
            "version": "v1.38.4",
            "source": {
                "type": "git",
                "url": "https://github.com/twigphp/Twig.git",
                "reference": "7732e9e7017d751313811bd118de61302e9c8b35"
            },
            "dist": {
                "type": "zip",
                "url": "https://api.github.com/repos/twigphp/Twig/zipball/7732e9e7017d751313811bd118de61302e9c8b35",
                "reference": "7732e9e7017d751313811bd118de61302e9c8b35",
                "shasum": "",
                "mirrors": [
                    {
                        "url": "https://dl.laravel-china.org/%package%/%reference%.%type%",
                        "preferred": true
                    }
                ]
            },
            "require": {
                "php": ">=5.4.0",
                "symfony/polyfill-ctype": "^1.8"
            },
            "require-dev": {
                "psr/container": "^1.0",
                "symfony/debug": "^2.7",
                "symfony/phpunit-bridge": "^3.4.19|^4.1.8"
            },
            "type": "library",
            "extra": {
                "branch-alias": {
                    "dev-master": "1.38-dev"
                }
            },
            "autoload": {
                "psr-0": {
                    "Twig_": "lib/"
                },
                "psr-4": {
                    "Twig\\": "src/"
                }
            },
            "notification-url": "https://packagist.org/downloads/",
            "license": [
                "BSD-3-Clause"
            ],
            "authors": [
                {
                    "name": "Fabien Potencier",
                    "email": "fabien@symfony.com",
                    "homepage": "http://fabien.potencier.org",
                    "role": "Lead Developer"
                },
                {
                    "name": "Armin Ronacher",
                    "email": "armin.ronacher@active-4.com",
                    "role": "Project Founder"
                },
                {
                    "name": "Twig Team",
                    "homepage": "https://twig.symfony.com/contributors",
                    "role": "Contributors"
                }
            ],
            "description": "Twig, the flexible, fast, and secure template language for PHP",
            "homepage": "https://twig.symfony.com",
            "keywords": [
                "templating"
            ],
            "time": "2019-03-23T14:27:19+00:00"
        }
    ],
    "packages-dev": [],
    "aliases": [],
    "minimum-stability": "dev",
    "stability-flags": {
        "jc21/clitable": 20
    },
    "prefer-stable": false,
    "prefer-lowest": false,
    "platform": {
        "php": ">=5.6"
    },
    "platform-dev": []
}
